<Solution>
  <Folder Name="/Documentazione/">
    <File Path="Documentazione/Documento_Progetto_AIBE-MAS.md" />
    <File Path="Documentazione/Specifiche.md" />
  </Folder>
  <Project Path="AIBettingAccounting/AIBettingAccounting.csproj" />
  <Project Path="AIBettingAnalyst/AIBettingAnalyst.csproj" />
  <Project Path="AIBettingCore/AIBettingCore.csproj" Id="ce8d631a-1be6-4eb1-9f1f-d60421d22725" />
  <Project Path="AIBettingDashboard/AIBettingDashboard.csproj" />
  <Project Path="AIBettingExecutor/AIBettingExecutor.csproj" />
  <Project Path="AIBettingExplorer/AIBettingExplorer.csproj" />
  <Project Path="RedisSample/RedisSample.csproj" />
</Solution>

